
Microsoft Visual Studio Solution File, Format Version 12.00
# Visual Studio Version 16
VisualStudioVersion = 16.0.31005.135
MinimumVisualStudioVersion = 10.0.40219.1
Project("{FAE04EC0-301F-11D3-BF4B-00C04F79EFBC}") = "ChromeDriver.Updater.exe", "ChromeDriver.Updater.exe\ChromeDriver.Updater.exe.csproj", "{F4CD5523-3929-443D-BB8E-14F5B7B0012D}"
EndProject
Global
	GlobalSection(SolutionConfigurationPlatforms) = preSolution
		Debug|Any CPU = Debug|Any CPU
		Release|Any CPU = Release|Any CPU
	EndGlobalSection
	GlobalSection(ProjectConfigurationPlatforms) = postSolution
		{F4CD5523-3929-443D-BB8E-14F5B7B0012D}.Debug|Any CPU.ActiveCfg = Debug|Any CPU
		{F4CD5523-3929-443D-BB8E-14F5B7B0012D}.Debug|Any CPU.Build.0 = Debug|Any CPU
		{F4CD5523-3929-443D-BB8E-14F5B7B0012D}.Release|Any CPU.ActiveCfg = Release|Any CPU
		{F4CD5523-3929-443D-BB8E-14F5B7B0012D}.Release|Any CPU.Build.0 = Release|Any CPU
	EndGlobalSection
	GlobalSection(SolutionProperties) = preSolution
		HideSolutionNode = FALSE
	EndGlobalSection
	GlobalSection(ExtensibilityGlobals) = postSolution
		SolutionGuid = {2527D74E-3714-49F7-B3E9-3EB7A094D0A3}
	EndGlobalSection
EndGlobal
